
Microsoft Visual Studio Solution File, Format Version 12.00
# Visual Studio 2012
Project("{FAE04EC0-301F-11D3-BF4B-00C04F79EFBC}") = "Pong", "Pong\Pong.csproj", "{025552DB-0F8D-49F9-AB40-33D21555936F}"
EndProject
Project("{2150E333-8FDC-42A3-9474-1A3956D46DE8}") = "Solution Items", "Solution Items", "{4378EA34-F128-4898-9268-02741D93FE83}"
EndProject
Global
	GlobalSection(SolutionConfigurationPlatforms) = preSolution
		Debug|x86 = Debug|x86
		Release|x86 = Release|x86
	EndGlobalSection
	GlobalSection(ProjectConfigurationPlatforms) = postSolution
		{025552DB-0F8D-49F9-AB40-33D21555936F}.Debug|x86.ActiveCfg = Debug|x86
		{025552DB-0F8D-49F9-AB40-33D21555936F}.Debug|x86.Build.0 = Debug|x86
		{025552DB-0F8D-49F9-AB40-33D21555936F}.Release|x86.ActiveCfg = Release|x86
		{025552DB-0F8D-49F9-AB40-33D21555936F}.Release|x86.Build.0 = Release|x86
	EndGlobalSection
	GlobalSection(SolutionProperties) = preSolution
		HideSolutionNode = FALSE
	EndGlobalSection
EndGlobal
